
Microsoft Visual Studio Solution File, Format Version 12.00
# Visual Studio Version 16
VisualStudioVersion = 16.0.30320.27
MinimumVisualStudioVersion = 10.0.40219.1
Project("{FAE04EC0-301F-11D3-BF4B-00C04F79EFBC}") = "Wpf_Forms", "Wpf_Forms.csproj", "{B108702F-265E-4869-9DE7-7D6DC25DC29C}"
EndProject
Global
	GlobalSection(SolutionConfigurationPlatforms) = preSolution
		Debug|Any CPU = Debug|Any CPU
		Release|Any CPU = Release|Any CPU
	EndGlobalSection
	GlobalSection(ProjectConfigurationPlatforms) = postSolution
		{B108702F-265E-4869-9DE7-7D6DC25DC29C}.Debug|Any CPU.ActiveCfg = Debug|Any CPU
		{B108702F-265E-4869-9DE7-7D6DC25DC29C}.Debug|Any CPU.Build.0 = Debug|Any CPU
		{B108702F-265E-4869-9DE7-7D6DC25DC29C}.Release|Any CPU.ActiveCfg = Release|Any CPU
		{B108702F-265E-4869-9DE7-7D6DC25DC29C}.Release|Any CPU.Build.0 = Release|Any CPU
	EndGlobalSection
	GlobalSection(SolutionProperties) = preSolution
		HideSolutionNode = FALSE
	EndGlobalSection
	GlobalSection(ExtensibilityGlobals) = postSolution
		SolutionGuid = {0C464E28-A10B-40B3-A837-45E51CB69CC1}
	EndGlobalSection
EndGlobal
